
Microsoft Visual Studio Solution File, Format Version 12.00
# Visual Studio 15
VisualStudioVersion = 15.0.27703.2047
MinimumVisualStudioVersion = 10.0.40219.1
Project("{FAE04EC0-301F-11D3-BF4B-00C04F79EFBC}") = "QL_HSGVTHPT", "QL_HSGVTHPT\QL_HSGVTHPT.csproj", "{2DE262FB-5B6E-488B-908A-38C81268EF77}"
EndProject
Project("{FAE04EC0-301F-11D3-BF4B-00C04F79EFBC}") = "BLL", "BLL\BLL.csproj", "{02491C5D-46B4-4626-A2B4-682BC4B3A01B}"
EndProject
Project("{FAE04EC0-301F-11D3-BF4B-00C04F79EFBC}") = "DAL", "DAL\DAL.csproj", "{2DDAD2D0-A95B-470A-9427-3DFB14AFAE0D}"
EndProject
Global
	GlobalSection(SolutionConfigurationPlatforms) = preSolution
		Debug|Any CPU = Debug|Any CPU
		Release|Any CPU = Release|Any CPU
	EndGlobalSection
	GlobalSection(ProjectConfigurationPlatforms) = postSolution
		{2DE262FB-5B6E-488B-908A-38C81268EF77}.Debug|Any CPU.ActiveCfg = Debug|Any CPU
		{2DE262FB-5B6E-488B-908A-38C81268EF77}.Debug|Any CPU.Build.0 = Debug|Any CPU
		{2DE262FB-5B6E-488B-908A-38C81268EF77}.Release|Any CPU.ActiveCfg = Release|Any CPU
		{2DE262FB-5B6E-488B-908A-38C81268EF77}.Release|Any CPU.Build.0 = Release|Any CPU
		{02491C5D-46B4-4626-A2B4-682BC4B3A01B}.Debug|Any CPU.ActiveCfg = Debug|Any CPU
		{02491C5D-46B4-4626-A2B4-682BC4B3A01B}.Debug|Any CPU.Build.0 = Debug|Any CPU
		{02491C5D-46B4-4626-A2B4-682BC4B3A01B}.Release|Any CPU.ActiveCfg = Release|Any CPU
		{02491C5D-46B4-4626-A2B4-682BC4B3A01B}.Release|Any CPU.Build.0 = Release|Any CPU
		{2DDAD2D0-A95B-470A-9427-3DFB14AFAE0D}.Debug|Any CPU.ActiveCfg = Debug|Any CPU
		{2DDAD2D0-A95B-470A-9427-3DFB14AFAE0D}.Debug|Any CPU.Build.0 = Debug|Any CPU
		{2DDAD2D0-A95B-470A-9427-3DFB14AFAE0D}.Release|Any CPU.ActiveCfg = Release|Any CPU
		{2DDAD2D0-A95B-470A-9427-3DFB14AFAE0D}.Release|Any CPU.Build.0 = Release|Any CPU
	EndGlobalSection
	GlobalSection(SolutionProperties) = preSolution
		HideSolutionNode = FALSE
	EndGlobalSection
	GlobalSection(ExtensibilityGlobals) = postSolution
		SolutionGuid = {BBF7767C-0FDB-4972-A922-98419F3B3150}
	EndGlobalSection
EndGlobal
